
Microsoft Visual Studio Solution File, Format Version 12.00
# Visual Studio Version 17
VisualStudioVersion = 17.4.33103.184
MinimumVisualStudioVersion = 10.0.40219.1
Project("{FAE04EC0-301F-11D3-BF4B-00C04F79EFBC}") = "BlazorBlocks", "BlazorBlocks\BlazorBlocks.csproj", "{55EF4E2F-231F-47B5-8592-2FB8B00D4CC5}"
EndProject
Global
	GlobalSection(SolutionConfigurationPlatforms) = preSolution
		Debug|Any CPU = Debug|Any CPU
		Release|Any CPU = Release|Any CPU
	EndGlobalSection
	GlobalSection(ProjectConfigurationPlatforms) = postSolution
		{55EF4E2F-231F-47B5-8592-2FB8B00D4CC5}.Debug|Any CPU.ActiveCfg = Debug|Any CPU
		{55EF4E2F-231F-47B5-8592-2FB8B00D4CC5}.Debug|Any CPU.Build.0 = Debug|Any CPU
		{55EF4E2F-231F-47B5-8592-2FB8B00D4CC5}.Release|Any CPU.ActiveCfg = Release|Any CPU
		{55EF4E2F-231F-47B5-8592-2FB8B00D4CC5}.Release|Any CPU.Build.0 = Release|Any CPU
	EndGlobalSection
	GlobalSection(SolutionProperties) = preSolution
		HideSolutionNode = FALSE
	EndGlobalSection
	GlobalSection(ExtensibilityGlobals) = postSolution
		SolutionGuid = {488FABD8-1414-4031-BF73-B7AF4F813E52}
	EndGlobalSection
EndGlobal
